
Microsoft Visual Studio Solution File, Format Version 12.00
# Visual Studio Version 16
VisualStudioVersion = 16.0.30611.23
MinimumVisualStudioVersion = 10.0.40219.1
Project("{FAE04EC0-301F-11D3-BF4B-00C04F79EFBC}") = "DU3-inheritance", "DU3-inheritance.csproj", "{D428A3CB-CF00-4287-96F7-20FD4719A9AF}"
EndProject
Global
	GlobalSection(SolutionConfigurationPlatforms) = preSolution
		Debug|Any CPU = Debug|Any CPU
		Release|Any CPU = Release|Any CPU
	EndGlobalSection
	GlobalSection(ProjectConfigurationPlatforms) = postSolution
		{D428A3CB-CF00-4287-96F7-20FD4719A9AF}.Debug|Any CPU.ActiveCfg = Debug|Any CPU
		{D428A3CB-CF00-4287-96F7-20FD4719A9AF}.Debug|Any CPU.Build.0 = Debug|Any CPU
		{D428A3CB-CF00-4287-96F7-20FD4719A9AF}.Release|Any CPU.ActiveCfg = Release|Any CPU
		{D428A3CB-CF00-4287-96F7-20FD4719A9AF}.Release|Any CPU.Build.0 = Release|Any CPU
	EndGlobalSection
	GlobalSection(SolutionProperties) = preSolution
		HideSolutionNode = FALSE
	EndGlobalSection
	GlobalSection(ExtensibilityGlobals) = postSolution
		SolutionGuid = {DD79F53C-5146-449C-A260-9FF2915FB22A}
	EndGlobalSection
EndGlobal
